// !$*UTF8*$!
{
	archiveVersion = 1;
	classes = {
	};
	objectVersion = 46;
	objects = {

/* Begin PBXBuildFile section */
		2E0C1ADC1940E7AE00C7F405 /* CameraViewController.m in Sources */ = {isa = PBXBuildFile; fileRef = 2E0C1ADB1940E7AE00C7F405 /* CameraViewController.m */; };
		2E4E6E91193C149F003541F6 /* Wild Fire Logo.png in Resources */ = {isa = PBXBuildFile; fileRef = 2E4E6E8F193C149F003541F6 /* Wild Fire Logo.png */; };
		2E4E6E92193C149F003541F6 /* WildFire.png in Resources */ = {isa = PBXBuildFile; fileRef = 2E4E6E90193C149F003541F6 /* WildFire.png */; };
		2E882CCD193ACD490094EDB1 /* Foundation.framework in Frameworks */ = {isa = PBXBuildFile; fileRef = 2E882CCC193ACD490094EDB1 /* Foundation.framework */; };
		2E882CCF193ACD490094EDB1 /* CoreGraphics.framework in Frameworks */ = {isa = PBXBuildFile; fileRef = 2E882CCE193ACD490094EDB1 /* CoreGraphics.framework */; };
		2E882CD1193ACD490094EDB1 /* UIKit.framework in Frameworks */ = {isa = PBXBuildFile; fileRef = 2E882CD0193ACD490094EDB1 /* UIKit.framework */; };
		2E882CD7193ACD490094EDB1 /* InfoPlist.strings in Resources */ = {isa = PBXBuildFile; fileRef = 2E882CD5193ACD490094EDB1 /* InfoPlist.strings */; };
		2E882CD9193ACD490094EDB1 /* main.m in Sources */ = {isa = PBXBuildFile; fileRef = 2E882CD8193ACD490094EDB1 /* main.m */; };
		2E882CDD193ACD490094EDB1 /* AppDelegate.m in Sources */ = {isa = PBXBuildFile; fileRef = 2E882CDC193ACD490094EDB1 /* AppDelegate.m */; };
		2E882CE0193ACD490094EDB1 /* Main.storyboard in Resources */ = {isa = PBXBuildFile; fileRef = 2E882CDE193ACD490094EDB1 /* Main.storyboard */; };
		2E882CE3193ACD490094EDB1 /* ViewController.m in Sources */ = {isa = PBXBuildFile; fileRef = 2E882CE2193ACD490094EDB1 /* ViewController.m */; };
		2E882CE5193ACD490094EDB1 /* Images.xcassets in Resources */ = {isa = PBXBuildFile; fileRef = 2E882CE4193ACD490094EDB1 /* Images.xcassets */; };
		2E882CEC193ACD490094EDB1 /* XCTest.framework in Frameworks */ = {isa = PBXBuildFile; fileRef = 2E882CEB193ACD490094EDB1 /* XCTest.framework */; };
		2E882CED193ACD490094EDB1 /* Foundation.framework in Frameworks */ = {isa = PBXBuildFile; fileRef = 2E882CCC193ACD490094EDB1 /* Foundation.framework */; };
		2E882CEE193ACD490094EDB1 /* UIKit.framework in Frameworks */ = {isa = PBXBuildFile; fileRef = 2E882CD0193ACD490094EDB1 /* UIKit.framework */; };
		2E882CF6193ACD4A0094EDB1 /* InfoPlist.strings in Resources */ = {isa = PBXBuildFile; fileRef = 2E882CF4193ACD4A0094EDB1 /* InfoPlist.strings */; };
		2E882CF8193ACD4A0094EDB1 /* Wild_Fire_V2_0Tests.m in Sources */ = {isa = PBXBuildFile; fileRef = 2E882CF7193ACD4A0094EDB1 /* Wild_Fire_V2_0Tests.m */; };
		2EA0E65F193C293A005F7959 /* LoginScreenViewController.m in Sources */ = {isa = PBXBuildFile; fileRef = 2EA0E65E193C293A005F7959 /* LoginScreenViewController.m */; };
		2EA0E662193C2C18005F7959 /* HomeScreenViewController.m in Sources */ = {isa = PBXBuildFile; fileRef = 2EA0E661193C2C18005F7959 /* HomeScreenViewController.m */; };
		2EA0E664193D2F32005F7959 /* HomeScreen.storyboard in Resources */ = {isa = PBXBuildFile; fileRef = 2EA0E663193D2F32005F7959 /* HomeScreen.storyboard */; };
/* End PBXBuildFile section */

/* Begin PBXContainerItemProxy section */
		2E882CEF193ACD4A0094EDB1 /* PBXContainerItemProxy */ = {
			isa = PBXContainerItemProxy;
			containerPortal = 2E882CC1193ACD490094EDB1 /* Project object */;
			proxyType = 1;
			remoteGlobalIDString = 2E882CC8193ACD490094EDB1;
			remoteInfo = "Wild Fire V2.0";
		};
/* End PBXContainerItemProxy section */

/* Begin PBXFileReference section */
		2E0C1ADA1940E7AE00C7F405 /* CameraViewController.h */ = {isa = PBXFileReference; fileEncoding = 4; lastKnownFileType = sourcecode.c.h; path = CameraViewController.h; sourceTree = "<group>"; };
		2E0C1ADB1940E7AE00C7F405 /* CameraViewController.m */ = {isa = PBXFileReference; fileEncoding = 4; lastKnownFileType = sourcecode.c.objc; path = CameraViewController.m; sourceTree = "<group>"; };
		2E4E6E8F193C149F003541F6 /* Wild Fire Logo.png */ = {isa = PBXFileReference; lastKnownFileType = image.png; path = "Wild Fire Logo.png"; sourceTree = "<group>"; };
		2E4E6E90193C149F003541F6 /* WildFire.png */ = {isa = PBXFileReference; lastKnownFileType = image.png; path = WildFire.png; sourceTree = "<group>"; };
		2E882CC9193ACD490094EDB1 /* Wild Fire V2.0.app */ = {isa = PBXFileReference; explicitFileType = wrapper.application; includeInIndex = 0; path = "Wild Fire V2.0.app"; sourceTree = BUILT_PRODUCTS_DIR; };
		2E882CCC193ACD490094EDB1 /* Foundation.framework */ = {isa = PBXFileReference; lastKnownFileType = wrapper.framework; name = Foundation.framework; path = System/Library/Frameworks/Foundation.framework; sourceTree = SDKROOT; };
		2E882CCE193ACD490094EDB1 /* CoreGraphics.framework */ = {isa = PBXFileReference; lastKnownFileType = wrapper.framework; name = CoreGraphics.framework; path = System/Library/Frameworks/CoreGraphics.framework; sourceTree = SDKROOT; };
		2E882CD0193ACD490094EDB1 /* UIKit.framework */ = {isa = PBXFileReference; lastKnownFileType = wrapper.framework; name = UIKit.framework; path = System/Library/Frameworks/UIKit.framework; sourceTree = SDKROOT; };
		2E882CD4193ACD490094EDB1 /* Wild Fire V2.0-Info.plist */ = {isa = PBXFileReference; lastKnownFileType = text.plist.xml; path = "Wild Fire V2.0-Info.plist"; sourceTree = "<group>"; };
		2E882CD6193ACD490094EDB1 /* en */ = {isa = PBXFileReference; lastKnownFileType = text.plist.strings; name = en; path = en.lproj/InfoPlist.strings; sourceTree = "<group>"; };
		2E882CD8193ACD490094EDB1 /* main.m */ = {isa = PBXFileReference; lastKnownFileType = sourcecode.c.objc; path = main.m; sourceTree = "<group>"; };
		2E882CDA193ACD490094EDB1 /* Wild Fire V2.0-Prefix.pch */ = {isa = PBXFileReference; lastKnownFileType = sourcecode.c.h; path = "Wild Fire V2.0-Prefix.pch"; sourceTree = "<group>"; };
		2E882CDB193ACD490094EDB1 /* AppDelegate.h */ = {isa = PBXFileReference; lastKnownFileType = sourcecode.c.h; path = AppDelegate.h; sourceTree = "<group>"; };
		2E882CDC193ACD490094EDB1 /* AppDelegate.m */ = {isa = PBXFileReference; lastKnownFileType = sourcecode.c.objc; path = AppDelegate.m; sourceTree = "<group>"; };
		2E882CDF193ACD490094EDB1 /* Base */ = {isa = PBXFileReference; lastKnownFileType = file.storyboard; name = Base; path = Base.lproj/Main.storyboard; sourceTree = "<group>"; };
		2E882CE1193ACD490094EDB1 /* ViewController.h */ = {isa = PBXFileReference; lastKnownFileType = sourcecode.c.h; path = ViewController.h; sourceTree = "<group>"; };
		2E882CE2193ACD490094EDB1 /* ViewController.m */ = {isa = PBXFileReference; lastKnownFileType = sourcecode.c.objc; path = ViewController.m; sourceTree = "<group>"; };
		2E882CE4193ACD490094EDB1 /* Images.xcassets */ = {isa = PBXFileReference; lastKnownFileType = folder.assetcatalog; path = Images.xcassets; sourceTree = "<group>"; };
		2E882CEA193ACD490094EDB1 /* Wild Fire V2.0Tests.xctest */ = {isa = PBXFileReference; explicitFileType = wrapper.cfbundle; includeInIndex = 0; path = "Wild Fire V2.0Tests.xctest"; sourceTree = BUILT_PRODUCTS_DIR; };
		2E882CEB193ACD490094EDB1 /* XCTest.framework */ = {isa = PBXFileReference; lastKnownFileType = wrapper.framework; name = XCTest.framework; path = Library/Frameworks/XCTest.framework; sourceTree = DEVELOPER_DIR; };
		2E882CF3193ACD4A0094EDB1 /* Wild Fire V2.0Tests-Info.plist */ = {isa = PBXFileReference; lastKnownFileType = text.plist.xml; path = "Wild Fire V2.0Tests-Info.plist"; sourceTree = "<group>"; };
		2E882CF5193ACD4A0094EDB1 /* en */ = {isa = PBXFileReference; lastKnownFileType = text.plist.strings; name = en; path = en.lproj/InfoPlist.strings; sourceTree = "<group>"; };
		2E882CF7193ACD4A0094EDB1 /* Wild_Fire_V2_0Tests.m */ = {isa = PBXFileReference; lastKnownFileType = sourcecode.c.objc; path = Wild_Fire_V2_0Tests.m; sourceTree = "<group>"; };
		2EA0E65D193C293A005F7959 /* LoginScreenViewController.h */ = {isa = PBXFileReference; fileEncoding = 4; lastKnownFileType = sourcecode.c.h; path = LoginScreenViewController.h; sourceTree = "<group>"; };
		2EA0E65E193C293A005F7959 /* LoginScreenViewController.m */ = {isa = PBXFileReference; fileEncoding = 4; lastKnownFileType = sourcecode.c.objc; path = LoginScreenViewController.m; sourceTree = "<group>"; };
		2EA0E660193C2C18005F7959 /* HomeScreenViewController.h */ = {isa = PBXFileReference; fileEncoding = 4; lastKnownFileType = sourcecode.c.h; path = HomeScreenViewController.h; sourceTree = "<group>"; };
		2EA0E661193C2C18005F7959 /* HomeScreenViewController.m */ = {isa = PBXFileReference; fileEncoding = 4; lastKnownFileType = sourcecode.c.objc; path = HomeScreenViewController.m; sourceTree = "<group>"; };
		2EA0E663193D2F32005F7959 /* HomeScreen.storyboard */ = {isa = PBXFileReference; fileEncoding = 4; lastKnownFileType = file.storyboard; path = HomeScreen.storyboard; sourceTree = "<group>"; };
/* End PBXFileReference section */

/* Begin PBXFrameworksBuildPhase section */
		2E882CC6193ACD490094EDB1 /* Frameworks */ = {
			isa = PBXFrameworksBuildPhase;
			buildActionMask = 2147483647;
			files = (
				2E882CCF193ACD490094EDB1 /* CoreGraphics.framework in Frameworks */,
				2E882CD1193ACD490094EDB1 /* UIKit.framework in Frameworks */,
				2E882CCD193ACD490094EDB1 /* Foundation.framework in Frameworks */,
			);
			runOnlyForDeploymentPostprocessing = 0;
		};
		2E882CE7193ACD490094EDB1 /* Frameworks */ = {
			isa = PBXFrameworksBuildPhase;
			buildActionMask = 2147483647;
			files = (
				2E882CEC193ACD490094EDB1 /* XCTest.framework in Frameworks */,
				2E882CEE193ACD490094EDB1 /* UIKit.framework in Frameworks */,
				2E882CED193ACD490094EDB1 /* Foundation.framework in Frameworks */,
			);
			runOnlyForDeploymentPostprocessing = 0;
		};
/* End PBXFrameworksBuildPhase section */

/* Begin PBXGroup section */
		2E0C1ADD1940F50E00C7F405 /* Camera */ = {
			isa = PBXGroup;
			children = (
				2E0C1ADA1940E7AE00C7F405 /* CameraViewController.h */,
				2E0C1ADB1940E7AE00C7F405 /* CameraViewController.m */,
			);
			name = Camera;
			sourceTree = "<group>";
		};
		2E4E6E93193C14B1003541F6 /* Images */ = {
			isa = PBXGroup;
			children = (
				2E4E6E8F193C149F003541F6 /* Wild Fire Logo.png */,
				2E4E6E90193C149F003541F6 /* WildFire.png */,
			);
			name = Images;
			sourceTree = "<group>";
		};
		2E882CC0193ACD490094EDB1 = {
			isa = PBXGroup;
			children = (
				2E882CD2193ACD490094EDB1 /* Wild Fire V2.0 */,
				2E882CF1193ACD4A0094EDB1 /* Wild Fire V2.0Tests */,
				2E882CCB193ACD490094EDB1 /* Frameworks */,
				2E882CCA193ACD490094EDB1 /* Products */,
			);
			sourceTree = "<group>";
		};
		2E882CCA193ACD490094EDB1 /* Products */ = {
			isa = PBXGroup;
			children = (
				2E882CC9193ACD490094EDB1 /* Wild Fire V2.0.app */,
				2E882CEA193ACD490094EDB1 /* Wild Fire V2.0Tests.xctest */,
			);
			name = Products;
			sourceTree = "<group>";
		};
		2E882CCB193ACD490094EDB1 /* Frameworks */ = {
			isa = PBXGroup;
			children = (
				2E882CCC193ACD490094EDB1 /* Foundation.framework */,
				2E882CCE193ACD490094EDB1 /* CoreGraphics.framework */,
				2E882CD0193ACD490094EDB1 /* UIKit.framework */,
				2E882CEB193ACD490094EDB1 /* XCTest.framework */,
			);
			name = Frameworks;
			sourceTree = "<group>";
		};
		2E882CD2193ACD490094EDB1 /* Wild Fire V2.0 */ = {
			isa = PBXGroup;
			children = (
				2E0C1ADD1940F50E00C7F405 /* Camera */,
				2EA0E665193D3110005F7959 /* Home Page */,
				2E4E6E93193C14B1003541F6 /* Images */,
				2E882CDB193ACD490094EDB1 /* AppDelegate.h */,
				2E882CDC193ACD490094EDB1 /* AppDelegate.m */,
				2E882CDE193ACD490094EDB1 /* Main.storyboard */,
				2E882CE1193ACD490094EDB1 /* ViewController.h */,
				2E882CE2193ACD490094EDB1 /* ViewController.m */,
				2E882CE4193ACD490094EDB1 /* Images.xcassets */,
				2E882CD3193ACD490094EDB1 /* Supporting Files */,
				2EA0E65D193C293A005F7959 /* LoginScreenViewController.h */,
				2EA0E65E193C293A005F7959 /* LoginScreenViewController.m */,
			);
			path = "Wild Fire V2.0";
			sourceTree = "<group>";
		};
		2E882CD3193ACD490094EDB1 /* Supporting Files */ = {
			isa = PBXGroup;
			children = (
				2E882CD4193ACD490094EDB1 /* Wild Fire V2.0-Info.plist */,
				2E882CD5193ACD490094EDB1 /* InfoPlist.strings */,
				2E882CD8193ACD490094EDB1 /* main.m */,
				2E882CDA193ACD490094EDB1 /* Wild Fire V2.0-Prefix.pch */,
			);
			name = "Supporting Files";
			sourceTree = "<group>";
		};
		2E882CF1193ACD4A0094EDB1 /* Wild Fire V2.0Tests */ = {
			isa = PBXGroup;
			children = (
				2E882CF7193ACD4A0094EDB1 /* Wild_Fire_V2_0Tests.m */,
				2E882CF2193ACD4A0094EDB1 /* Supporting Files */,
			);
			path = "Wild Fire V2.0Tests";
			sourceTree = "<group>";
		};
		2E882CF2193ACD4A0094EDB1 /* Supporting Files */ = {
			isa = PBXGroup;
			children = (
				2E882CF3193ACD4A0094EDB1 /* Wild Fire V2.0Tests-Info.plist */,
				2E882CF4193ACD4A0094EDB1 /* InfoPlist.strings */,
			);
			name = "Supporting Files";
			sourceTree = "<group>";
		};
		2EA0E665193D3110005F7959 /* Home Page */ = {
			isa = PBXGroup;
			children = (
				2EA0E663193D2F32005F7959 /* HomeScreen.storyboard */,
				2EA0E660193C2C18005F7959 /* HomeScreenViewController.h */,
				2EA0E661193C2C18005F7959 /* HomeScreenViewController.m */,
			);
			name = "Home Page";
			sourceTree = "<group>";
		};
/* End PBXGroup section */

/* Begin PBXNativeTarget section */
		2E882CC8193ACD490094EDB1 /* Wild Fire V2.0 */ = {
			isa = PBXNativeTarget;
			buildConfigurationList = 2E882CFB193ACD4A0094EDB1 /* Build configuration list for PBXNativeTarget "Wild Fire V2.0" */;
			buildPhases = (
				2E882CC5193ACD490094EDB1 /* Sources */,
				2E882CC6193ACD490094EDB1 /* Frameworks */,
				2E882CC7193ACD490094EDB1 /* Resources */,
			);
			buildRules = (
			);
			dependencies = (
			);
			name = "Wild Fire V2.0";
			productName = "Wild Fire V2.0";
			productReference = 2E882CC9193ACD490094EDB1 /* Wild Fire V2.0.app */;
			productType = "com.apple.product-type.application";
		};
		2E882CE9193ACD490094EDB1 /* Wild Fire V2.0Tests */ = {
			isa = PBXNativeTarget;
			buildConfigurationList = 2E882CFE193ACD4A0094EDB1 /* Build configuration list for PBXNativeTarget "Wild Fire V2.0Tests" */;
			buildPhases = (
				2E882CE6193ACD490094EDB1 /* Sources */,
				2E882CE7193ACD490094EDB1 /* Frameworks */,
				2E882CE8193ACD490094EDB1 /* Resources */,
			);
			buildRules = (
			);
			dependencies = (
				2E882CF0193ACD4A0094EDB1 /* PBXTargetDependency */,
			);
			name = "Wild Fire V2.0Tests";
			productName = "Wild Fire V2.0Tests";
			productReference = 2E882CEA193ACD490094EDB1 /* Wild Fire V2.0Tests.xctest */;
			productType = "com.apple.product-type.bundle.unit-test";
		};
/* End PBXNativeTarget section */

/* Begin PBXProject section */
		2E882CC1193ACD490094EDB1 /* Project object */ = {
			isa = PBXProject;
			attributes = {
				LastUpgradeCheck = 0510;
				ORGANIZATIONNAME = "Jeffrey Monaco";
				TargetAttributes = {
					2E882CE9193ACD490094EDB1 = {
						TestTargetID = 2E882CC8193ACD490094EDB1;
					};
				};
			};
			buildConfigurationList = 2E882CC4193ACD490094EDB1 /* Build configuration list for PBXProject "Wild Fire V2.0" */;
			compatibilityVersion = "Xcode 3.2";
			developmentRegion = English;
			hasScannedForEncodings = 0;
			knownRegions = (
				en,
				Base,
			);
			mainGroup = 2E882CC0193ACD490094EDB1;
			productRefGroup = 2E882CCA193ACD490094EDB1 /* Products */;
			projectDirPath = "";
			projectRoot = "";
			targets = (
				2E882CC8193ACD490094EDB1 /* Wild Fire V2.0 */,
				2E882CE9193ACD490094EDB1 /* Wild Fire V2.0Tests */,
			);
		};
/* End PBXProject section */

/* Begin PBXResourcesBuildPhase section */
		2E882CC7193ACD490094EDB1 /* Resources */ = {
			isa = PBXResourcesBuildPhase;
			buildActionMask = 2147483647;
			files = (
				2E4E6E91193C149F003541F6 /* Wild Fire Logo.png in Resources */,
				2E4E6E92193C149F003541F6 /* WildFire.png in Resources */,
				2EA0E664193D2F32005F7959 /* HomeScreen.storyboard in Resources */,
				2E882CE5193ACD490094EDB1 /* Images.xcassets in Resources */,
				2E882CD7193ACD490094EDB1 /* InfoPlist.strings in Resources */,
				2E882CE0193ACD490094EDB1 /* Main.storyboard in Resources */,
			);
			runOnlyForDeploymentPostprocessing = 0;
		};
		2E882CE8193ACD490094EDB1 /* Resources */ = {
			isa = PBXResourcesBuildPhase;
			buildActionMask = 2147483647;
			files = (
				2E882CF6193ACD4A0094EDB1 /* InfoPlist.strings in Resources */,
			);
			runOnlyForDeploymentPostprocessing = 0;
		};
/* End PBXResourcesBuildPhase section */

/* Begin PBXSourcesBuildPhase section */
		2E882CC5193ACD490094EDB1 /* Sources */ = {
			isa = PBXSourcesBuildPhase;
			buildActionMask = 2147483647;
			files = (
				2E882CE3193ACD490094EDB1 /* ViewController.m in Sources */,
				2EA0E662193C2C18005F7959 /* HomeScreenViewController.m in Sources */,
				2E882CDD193ACD490094EDB1 /* AppDelegate.m in Sources */,
				2E0C1ADC1940E7AE00C7F405 /* CameraViewController.m in Sources */,
				2EA0E65F193C293A005F7959 /* LoginScreenViewController.m in Sources */,
				2E882CD9193ACD490094EDB1 /* main.m in Sources */,
			);
			runOnlyForDeploymentPostprocessing = 0;
		};
		2E882CE6193ACD490094EDB1 /* Sources */ = {
			isa = PBXSourcesBuildPhase;
			buildActionMask = 2147483647;
			files = (
				2E882CF8193ACD4A0094EDB1 /* Wild_Fire_V2_0Tests.m in Sources */,
			);
			runOnlyForDeploymentPostprocessing = 0;
		};
/* End PBXSourcesBuildPhase section */

/* Begin PBXTargetDependency section */
		2E882CF0193ACD4A0094EDB1 /* PBXTargetDependency */ = {
			isa = PBXTargetDependency;
			target = 2E882CC8193ACD490094EDB1 /* Wild Fire V2.0 */;
			targetProxy = 2E882CEF193ACD4A0094EDB1 /* PBXContainerItemProxy */;
		};
/* End PBXTargetDependency section */

/* Begin PBXVariantGroup section */
		2E882CD5193ACD490094EDB1 /* InfoPlist.strings */ = {
			isa = PBXVariantGroup;
			children = (
				2E882CD6193ACD490094EDB1 /* en */,
			);
			name = InfoPlist.strings;
			sourceTree = "<group>";
		};
		2E882CDE193ACD490094EDB1 /* Main.storyboard */ = {
			isa = PBXVariantGroup;
			children = (
				2E882CDF193ACD490094EDB1 /* Base */,
			);
			name = Main.storyboard;
			sourceTree = "<group>";
		};
		2E882CF4193ACD4A0094EDB1 /* InfoPlist.strings */ = {
			isa = PBXVariantGroup;
			children = (
				2E882CF5193ACD4A0094EDB1 /* en */,
			);
			name = InfoPlist.strings;
			sourceTree = "<group>";
		};
/* End PBXVariantGroup section */

/* Begin XCBuildConfiguration section */
		2E882CF9193ACD4A0094EDB1 /* Debug */ = {
			isa = XCBuildConfiguration;
			buildSettings = {
				ALWAYS_SEARCH_USER_PATHS = NO;
				CLANG_CXX_LANGUAGE_STANDARD = "gnu++0x";
				CLANG_CXX_LIBRARY = "libc++";
				CLANG_ENABLE_MODULES = YES;
				CLANG_ENABLE_OBJC_ARC = YES;
				CLANG_WARN_BOOL_CONVERSION = YES;
				CLANG_WARN_CONSTANT_CONVERSION = YES;
				CLANG_WARN_DIRECT_OBJC_ISA_USAGE = YES_ERROR;
				CLANG_WARN_EMPTY_BODY = YES;
				CLANG_WARN_ENUM_CONVERSION = YES;
				CLANG_WARN_INT_CONVERSION = YES;
				CLANG_WARN_OBJC_ROOT_CLASS = YES_ERROR;
				CLANG_WARN__DUPLICATE_METHOD_MATCH = YES;
				"CODE_SIGN_IDENTITY[sdk=iphoneos*]" = "iPhone Developer";
				COPY_PHASE_STRIP = NO;
				GCC_C_LANGUAGE_STANDARD = gnu99;
				GCC_DYNAMIC_NO_PIC = NO;
				GCC_OPTIMIZATION_LEVEL = 0;
				GCC_PREPROCESSOR_DEFINITIONS = (
					"DEBUG=1",
					"$(inherited)",
				);
				GCC_SYMBOLS_PRIVATE_EXTERN = NO;
				GCC_WARN_64_TO_32_BIT_CONVERSION = YES;
				GCC_WARN_ABOUT_RETURN_TYPE = YES_ERROR;
				GCC_WARN_UNDECLARED_SELECTOR = YES;
				GCC_WARN_UNINITIALIZED_AUTOS = YES_AGGRESSIVE;
				GCC_WARN_UNUSED_FUNCTION = YES;
				GCC_WARN_UNUSED_VARIABLE = YES;
				IPHONEOS_DEPLOYMENT_TARGET = 7.1;
				ONLY_ACTIVE_ARCH = YES;
				SDKROOT = iphoneos;
			};
			name = Debug;
		};
		2E882CFA193ACD4A0094EDB1 /* Release */ = {
			isa = XCBuildConfiguration;
			buildSettings = {
				ALWAYS_SEARCH_USER_PATHS = NO;
				CLANG_CXX_LANGUAGE_STANDARD = "gnu++0x";
				CLANG_CXX_LIBRARY = "libc++";
				CLANG_ENABLE_MODULES = YES;
				CLANG_ENABLE_OBJC_ARC = YES;
				CLANG_WARN_BOOL_CONVERSION = YES;
				CLANG_WARN_CONSTANT_CONVERSION = YES;
				CLANG_WARN_DIRECT_OBJC_ISA_USAGE = YES_ERROR;
				CLANG_WARN_EMPTY_BODY = YES;
				CLANG_WARN_ENUM_CONVERSION = YES;
				CLANG_WARN_INT_CONVERSION = YES;
				CLANG_WARN_OBJC_ROOT_CLASS = YES_ERROR;
				CLANG_WARN__DUPLICATE_METHOD_MATCH = YES;
				"CODE_SIGN_IDENTITY[sdk=iphoneos*]" = "iPhone Developer";
				COPY_PHASE_STRIP = YES;
				ENABLE_NS_ASSERTIONS = NO;
				GCC_C_LANGUAGE_STANDARD = gnu99;
				GCC_WARN_64_TO_32_BIT_CONVERSION = YES;
				GCC_WARN_ABOUT_RETURN_TYPE = YES_ERROR;
				GCC_WARN_UNDECLARED_SELECTOR = YES;
				GCC_WARN_UNINITIALIZED_AUTOS = YES_AGGRESSIVE;
				GCC_WARN_UNUSED_FUNCTION = YES;
				GCC_WARN_UNUSED_VARIABLE = YES;
				IPHONEOS_DEPLOYMENT_TARGET = 7.1;
				SDKROOT = iphoneos;
				VALIDATE_PRODUCT = YES;
			};
			name = Release;
		};
		2E882CFC193ACD4A0094EDB1 /* Debug */ = {
			isa = XCBuildConfiguration;
			buildSettings = {
				ASSETCATALOG_COMPILER_APPICON_NAME = AppIcon;
				ASSETCATALOG_COMPILER_LAUNCHIMAGE_NAME = LaunchImage;
				GCC_PRECOMPILE_PREFIX_HEADER = YES;
				GCC_PREFIX_HEADER = "Wild Fire V2.0/Wild Fire V2.0-Prefix.pch";
				INFOPLIST_FILE = "Wild Fire V2.0/Wild Fire V2.0-Info.plist";
				PRODUCT_NAME = "$(TARGET_NAME)";
				WRAPPER_EXTENSION = app;
			};
			name = Debug;
		};
		2E882CFD193ACD4A0094EDB1 /* Release */ = {
			isa = XCBuildConfiguration;
			buildSettings = {
				ASSETCATALOG_COMPILER_APPICON_NAME = AppIcon;
				ASSETCATALOG_COMPILER_LAUNCHIMAGE_NAME = LaunchImage;
				GCC_PRECOMPILE_PREFIX_HEADER = YES;
				GCC_PREFIX_HEADER = "Wild Fire V2.0/Wild Fire V2.0-Prefix.pch";
				INFOPLIST_FILE = "Wild Fire V2.0/Wild Fire V2.0-Info.plist";
				PRODUCT_NAME = "$(TARGET_NAME)";
				WRAPPER_EXTENSION = app;
			};
			name = Release;
		};
		2E882CFF193ACD4A0094EDB1 /* Debug */ = {
			isa = XCBuildConfiguration;
			buildSettings = {
				BUNDLE_LOADER = "$(BUILT_PRODUCTS_DIR)/Wild Fire V2.0.app/Wild Fire V2.0";
				FRAMEWORK_SEARCH_PATHS = (
					"$(SDKROOT)/Developer/Library/Frameworks",
					"$(inherited)",
					"$(DEVELOPER_FRAMEWORKS_DIR)",
				);
				GCC_PRECOMPILE_PREFIX_HEADER = YES;
				GCC_PREFIX_HEADER = "Wild Fire V2.0/Wild Fire V2.0-Prefix.pch";
				GCC_PREPROCESSOR_DEFINITIONS = (
					"DEBUG=1",
					"$(inherited)",
				);
				INFOPLIST_FILE = "Wild Fire V2.0Tests/Wild Fire V2.0Tests-Info.plist";
				PRODUCT_NAME = "$(TARGET_NAME)";
				TEST_HOST = "$(BUNDLE_LOADER)";
				WRAPPER_EXTENSION = xctest;
			};
			name = Debug;
		};
		2E882D00193ACD4A0094EDB1 /* Release */ = {
			isa = XCBuildConfiguration;
			buildSettings = {
				BUNDLE_LOADER = "$(BUILT_PRODUCTS_DIR)/Wild Fire V2.0.app/Wild Fire V2.0";
				FRAMEWORK_SEARCH_PATHS = (
					"$(SDKROOT)/Developer/Library/Frameworks",
					"$(inherited)",
					"$(DEVELOPER_FRAMEWORKS_DIR)",
				);
				GCC_PRECOMPILE_PREFIX_HEADER = YES;
				GCC_PREFIX_HEADER = "Wild Fire V2.0/Wild Fire V2.0-Prefix.pch";
				INFOPLIST_FILE = "Wild Fire V2.0Tests/Wild Fire V2.0Tests-Info.plist";
				PRODUCT_NAME = "$(TARGET_NAME)";
				TEST_HOST = "$(BUNDLE_LOADER)";
				WRAPPER_EXTENSION = xctest;
			};
			name = Release;
		};
/* End XCBuildConfiguration section */

/* Begin XCConfigurationList section */
		2E882CC4193ACD490094EDB1 /* Build configuration list for PBXProject "Wild Fire V2.0" */ = {
			isa = XCConfigurationList;
			buildConfigurations = (
				2E882CF9193ACD4A0094EDB1 /* Debug */,
				2E882CFA193ACD4A0094EDB1 /* Release */,
			);
			defaultConfigurationIsVisible = 0;
			defaultConfigurationName = Release;
		};
		2E882CFB193ACD4A0094EDB1 /* Build configuration list for PBXNativeTarget "Wild Fire V2.0" */ = {
			isa = XCConfigurationList;
			buildConfigurations = (
				2E882CFC193ACD4A0094EDB1 /* Debug */,
				2E882CFD193ACD4A0094EDB1 /* Release */,
			);
			defaultConfigurationIsVisible = 0;
			defaultConfigurationName = Release;
		};
		2E882CFE193ACD4A0094EDB1 /* Build configuration list for PBXNativeTarget "Wild Fire V2.0Tests" */ = {
			isa = XCConfigurationList;
			buildConfigurations = (
				2E882CFF193ACD4A0094EDB1 /* Debug */,
				2E882D00193ACD4A0094EDB1 /* Release */,
			);
			defaultConfigurationIsVisible = 0;
			defaultConfigurationName = Release;
		};
/* End XCConfigurationList section */
	};
	rootObject = 2E882CC1193ACD490094EDB1 /* Project object */;
}
